
Microsoft Visual Studio Solution File, Format Version 12.00
# Visual Studio Version 16
VisualStudioVersion = 16.0.30804.86
MinimumVisualStudioVersion = 10.0.40219.1
Project("{9A19103F-16F7-4668-BE54-9A1E7A4F7556}") = "RedisTool", "RedisTool.csproj", "{5AE75A8C-73E3-40C3-870C-72F948A6625C}"
EndProject
Project("{FAE04EC0-301F-11D3-BF4B-00C04F79EFBC}") = "Redis.Test", "..\Redis.Test\Redis.Test.csproj", "{167ABA69-095B-4FDB-88D7-1C9CF3E062ED}"
EndProject
Global
	GlobalSection(SolutionConfigurationPlatforms) = preSolution
		Debug|Any CPU = Debug|Any CPU
		Release|Any CPU = Release|Any CPU
	EndGlobalSection
	GlobalSection(ProjectConfigurationPlatforms) = postSolution
		{5AE75A8C-73E3-40C3-870C-72F948A6625C}.Debug|Any CPU.ActiveCfg = Debug|Any CPU
		{5AE75A8C-73E3-40C3-870C-72F948A6625C}.Debug|Any CPU.Build.0 = Debug|Any CPU
		{5AE75A8C-73E3-40C3-870C-72F948A6625C}.Release|Any CPU.ActiveCfg = Release|Any CPU
		{5AE75A8C-73E3-40C3-870C-72F948A6625C}.Release|Any CPU.Build.0 = Release|Any CPU
		{167ABA69-095B-4FDB-88D7-1C9CF3E062ED}.Debug|Any CPU.ActiveCfg = Debug|Any CPU
		{167ABA69-095B-4FDB-88D7-1C9CF3E062ED}.Debug|Any CPU.Build.0 = Debug|Any CPU
		{167ABA69-095B-4FDB-88D7-1C9CF3E062ED}.Release|Any CPU.ActiveCfg = Release|Any CPU
		{167ABA69-095B-4FDB-88D7-1C9CF3E062ED}.Release|Any CPU.Build.0 = Release|Any CPU
	EndGlobalSection
	GlobalSection(SolutionProperties) = preSolution
		HideSolutionNode = FALSE
	EndGlobalSection
	GlobalSection(ExtensibilityGlobals) = postSolution
		SolutionGuid = {2C60B878-EA63-45AA-BE81-1D415F5B4109}
	EndGlobalSection
EndGlobal
